
Microsoft Visual Studio Solution File, Format Version 12.00
# Visual Studio Version 17
VisualStudioVersion = 17.11.35222.181
MinimumVisualStudioVersion = 10.0.40219.1
Project("{FAE04EC0-301F-11D3-BF4B-00C04F79EFBC}") = "InterfaceDemo", "InterfaceDemo\InterfaceDemo.csproj", "{10D565B3-E8D9-4B8D-BDDE-4909B991C836}"
EndProject
Global
	GlobalSection(SolutionConfigurationPlatforms) = preSolution
		Debug|Any CPU = Debug|Any CPU
		Release|Any CPU = Release|Any CPU
	EndGlobalSection
	GlobalSection(ProjectConfigurationPlatforms) = postSolution
		{10D565B3-E8D9-4B8D-BDDE-4909B991C836}.Debug|Any CPU.ActiveCfg = Debug|Any CPU
		{10D565B3-E8D9-4B8D-BDDE-4909B991C836}.Debug|Any CPU.Build.0 = Debug|Any CPU
		{10D565B3-E8D9-4B8D-BDDE-4909B991C836}.Release|Any CPU.ActiveCfg = Release|Any CPU
		{10D565B3-E8D9-4B8D-BDDE-4909B991C836}.Release|Any CPU.Build.0 = Release|Any CPU
	EndGlobalSection
	GlobalSection(SolutionProperties) = preSolution
		HideSolutionNode = FALSE
	EndGlobalSection
	GlobalSection(ExtensibilityGlobals) = postSolution
		SolutionGuid = {12A65085-0D84-451A-A75A-BD18AFDE35CB}
	EndGlobalSection
EndGlobal
